
Microsoft Visual Studio Solution File, Format Version 12.00
# Visual Studio Version 17
VisualStudioVersion = 17.5.002.0
MinimumVisualStudioVersion = 10.0.40219.1
Project("{9A19103F-16F7-4668-BE54-9A1E7A4F7556}") = "Example001_helloConsole", "Example001_helloConsole\Example001_helloConsole.csproj", "{FC6B01DC-F8E6-49BA-83A7-6560E0136977}"
EndProject
Project("{9A19103F-16F7-4668-BE54-9A1E7A4F7556}") = "Example002_HiUserConsole", "Example002_HiUserConsole\Example002_HiUserConsole.csproj", "{AFFC0F72-D005-4067-A365-EA6CC14D61F6}"
EndProject
Project("{9A19103F-16F7-4668-BE54-9A1E7A4F7556}") = "Example004_Div", "Example004_Div\Example004_Div.csproj", "{10AF60F5-8420-414C-921C-254BE9F8D90D}"
EndProject
Project("{9A19103F-16F7-4668-BE54-9A1E7A4F7556}") = "Example005_ConditionIfElse", "Example005_ConditionIfElse\Example005_ConditionIfElse.csproj", "{17C55EE9-8E1F-406D-8AE9-7FB07689E402}"
EndProject
Project("{9A19103F-16F7-4668-BE54-9A1E7A4F7556}") = "Example006_Base", "Example006_Base\Example006_Base.csproj", "{D8D41D36-5F1D-4F43-A41C-0A7A36D50588}"
EndProject
Project("{9A19103F-16F7-4668-BE54-9A1E7A4F7556}") = "Example007_Magic", "Example007_Magic\Example007_Magic.csproj", "{F37ED31D-8119-4C6C-A02E-B0897874E504}"
EndProject
Project("{9A19103F-16F7-4668-BE54-9A1E7A4F7556}") = "Example008_IntroMethod", "Example008_IntroMethod\Example008_IntroMethod.csproj", "{2FC9EE79-366E-4BDF-A55B-FDD273305E20}"
EndProject
Project("{9A19103F-16F7-4668-BE54-9A1E7A4F7556}") = "Example009_IntroArray", "Example009_IntroArray\Example009_IntroArray.csproj", "{B34C9D5B-A747-4223-8368-3CB9C230814D}"
EndProject
Project("{9A19103F-16F7-4668-BE54-9A1E7A4F7556}") = "Example010_MethodArray", "Example010_MethodArray\Example010_MethodArray.csproj", "{7FD9DBA4-3DE6-4D1A-AD08-1ED31C3F9E6C}"
EndProject
Project("{9A19103F-16F7-4668-BE54-9A1E7A4F7556}") = "Example011_ArrayLibrary", "Example011_ArrayLibrary\Example011_ArrayLibrary.csproj", "{998201C4-D9BF-48A0-8CF6-E50B24B07C81}"
EndProject
Project("{9A19103F-16F7-4668-BE54-9A1E7A4F7556}") = "Exemple003", "Exemple003_Sum\Exemple003.csproj", "{52515953-28B7-4A66-BE1D-C28EFCD92C4D}"
EndProject
Project("{2150E333-8FDC-42A3-9474-1A3956D46DE8}") = "Lesson", "Lesson", "{7F33149E-0876-4161-98DF-F089B1ACA92B}"
EndProject
Project("{9A19103F-16F7-4668-BE54-9A1E7A4F7556}") = "Task1", "Lesson\Task1\Task1.csproj", "{23D21101-7161-4289-8F75-74540E56ED06}"
EndProject
Project("{9A19103F-16F7-4668-BE54-9A1E7A4F7556}") = "Task2", "Lesson\Task2\Task2.csproj", "{8E6FDF07-39AF-4C3C-9161-74706877A4FB}"
EndProject
Project("{9A19103F-16F7-4668-BE54-9A1E7A4F7556}") = "Task3", "Lesson\Task3\Task3.csproj", "{310DEF65-6A72-48AC-B46F-E1B8AC7F651F}"
EndProject
Project("{9A19103F-16F7-4668-BE54-9A1E7A4F7556}") = "Task4", "Lesson\Task4\Task4.csproj", "{4328DFE5-76D1-4833-B1C8-AB6CF22A2521}"
EndProject
Project("{9A19103F-16F7-4668-BE54-9A1E7A4F7556}") = "Task5", "Lesson\Task5\Task5.csproj", "{5AFFCFA9-A894-4AB2-83AF-7386FE5C7039}"
EndProject
Global
	GlobalSection(SolutionConfigurationPlatforms) = preSolution
		Debug|Any CPU = Debug|Any CPU
		Release|Any CPU = Release|Any CPU
	EndGlobalSection
	GlobalSection(ProjectConfigurationPlatforms) = postSolution
		{FC6B01DC-F8E6-49BA-83A7-6560E0136977}.Debug|Any CPU.ActiveCfg = Debug|Any CPU
		{FC6B01DC-F8E6-49BA-83A7-6560E0136977}.Debug|Any CPU.Build.0 = Debug|Any CPU
		{FC6B01DC-F8E6-49BA-83A7-6560E0136977}.Release|Any CPU.ActiveCfg = Release|Any CPU
		{FC6B01DC-F8E6-49BA-83A7-6560E0136977}.Release|Any CPU.Build.0 = Release|Any CPU
		{AFFC0F72-D005-4067-A365-EA6CC14D61F6}.Debug|Any CPU.ActiveCfg = Debug|Any CPU
		{AFFC0F72-D005-4067-A365-EA6CC14D61F6}.Debug|Any CPU.Build.0 = Debug|Any CPU
		{AFFC0F72-D005-4067-A365-EA6CC14D61F6}.Release|Any CPU.ActiveCfg = Release|Any CPU
		{AFFC0F72-D005-4067-A365-EA6CC14D61F6}.Release|Any CPU.Build.0 = Release|Any CPU
		{10AF60F5-8420-414C-921C-254BE9F8D90D}.Debug|Any CPU.ActiveCfg = Debug|Any CPU
		{10AF60F5-8420-414C-921C-254BE9F8D90D}.Debug|Any CPU.Build.0 = Debug|Any CPU
		{10AF60F5-8420-414C-921C-254BE9F8D90D}.Release|Any CPU.ActiveCfg = Release|Any CPU
		{10AF60F5-8420-414C-921C-254BE9F8D90D}.Release|Any CPU.Build.0 = Release|Any CPU
		{17C55EE9-8E1F-406D-8AE9-7FB07689E402}.Debug|Any CPU.ActiveCfg = Debug|Any CPU
		{17C55EE9-8E1F-406D-8AE9-7FB07689E402}.Debug|Any CPU.Build.0 = Debug|Any CPU
		{17C55EE9-8E1F-406D-8AE9-7FB07689E402}.Release|Any CPU.ActiveCfg = Release|Any CPU
		{17C55EE9-8E1F-406D-8AE9-7FB07689E402}.Release|Any CPU.Build.0 = Release|Any CPU
		{D8D41D36-5F1D-4F43-A41C-0A7A36D50588}.Debug|Any CPU.ActiveCfg = Debug|Any CPU
		{D8D41D36-5F1D-4F43-A41C-0A7A36D50588}.Debug|Any CPU.Build.0 = Debug|Any CPU
		{D8D41D36-5F1D-4F43-A41C-0A7A36D50588}.Release|Any CPU.ActiveCfg = Release|Any CPU
		{D8D41D36-5F1D-4F43-A41C-0A7A36D50588}.Release|Any CPU.Build.0 = Release|Any CPU
		{F37ED31D-8119-4C6C-A02E-B0897874E504}.Debug|Any CPU.ActiveCfg = Debug|Any CPU
		{F37ED31D-8119-4C6C-A02E-B0897874E504}.Debug|Any CPU.Build.0 = Debug|Any CPU
		{F37ED31D-8119-4C6C-A02E-B0897874E504}.Release|Any CPU.ActiveCfg = Release|Any CPU
		{F37ED31D-8119-4C6C-A02E-B0897874E504}.Release|Any CPU.Build.0 = Release|Any CPU
		{2FC9EE79-366E-4BDF-A55B-FDD273305E20}.Debug|Any CPU.ActiveCfg = Debug|Any CPU
		{2FC9EE79-366E-4BDF-A55B-FDD273305E20}.Debug|Any CPU.Build.0 = Debug|Any CPU
		{2FC9EE79-366E-4BDF-A55B-FDD273305E20}.Release|Any CPU.ActiveCfg = Release|Any CPU
		{2FC9EE79-366E-4BDF-A55B-FDD273305E20}.Release|Any CPU.Build.0 = Release|Any CPU
		{B34C9D5B-A747-4223-8368-3CB9C230814D}.Debug|Any CPU.ActiveCfg = Debug|Any CPU
		{B34C9D5B-A747-4223-8368-3CB9C230814D}.Debug|Any CPU.Build.0 = Debug|Any CPU
		{B34C9D5B-A747-4223-8368-3CB9C230814D}.Release|Any CPU.ActiveCfg = Release|Any CPU
		{B34C9D5B-A747-4223-8368-3CB9C230814D}.Release|Any CPU.Build.0 = Release|Any CPU
		{7FD9DBA4-3DE6-4D1A-AD08-1ED31C3F9E6C}.Debug|Any CPU.ActiveCfg = Debug|Any CPU
		{7FD9DBA4-3DE6-4D1A-AD08-1ED31C3F9E6C}.Debug|Any CPU.Build.0 = Debug|Any CPU
		{7FD9DBA4-3DE6-4D1A-AD08-1ED31C3F9E6C}.Release|Any CPU.ActiveCfg = Release|Any CPU
		{7FD9DBA4-3DE6-4D1A-AD08-1ED31C3F9E6C}.Release|Any CPU.Build.0 = Release|Any CPU
		{998201C4-D9BF-48A0-8CF6-E50B24B07C81}.Debug|Any CPU.ActiveCfg = Debug|Any CPU
		{998201C4-D9BF-48A0-8CF6-E50B24B07C81}.Debug|Any CPU.Build.0 = Debug|Any CPU
		{998201C4-D9BF-48A0-8CF6-E50B24B07C81}.Release|Any CPU.ActiveCfg = Release|Any CPU
		{998201C4-D9BF-48A0-8CF6-E50B24B07C81}.Release|Any CPU.Build.0 = Release|Any CPU
		{52515953-28B7-4A66-BE1D-C28EFCD92C4D}.Debug|Any CPU.ActiveCfg = Debug|Any CPU
		{52515953-28B7-4A66-BE1D-C28EFCD92C4D}.Debug|Any CPU.Build.0 = Debug|Any CPU
		{52515953-28B7-4A66-BE1D-C28EFCD92C4D}.Release|Any CPU.ActiveCfg = Release|Any CPU
		{52515953-28B7-4A66-BE1D-C28EFCD92C4D}.Release|Any CPU.Build.0 = Release|Any CPU
		{23D21101-7161-4289-8F75-74540E56ED06}.Debug|Any CPU.ActiveCfg = Debug|Any CPU
		{23D21101-7161-4289-8F75-74540E56ED06}.Debug|Any CPU.Build.0 = Debug|Any CPU
		{23D21101-7161-4289-8F75-74540E56ED06}.Release|Any CPU.ActiveCfg = Release|Any CPU
		{23D21101-7161-4289-8F75-74540E56ED06}.Release|Any CPU.Build.0 = Release|Any CPU
		{8E6FDF07-39AF-4C3C-9161-74706877A4FB}.Debug|Any CPU.ActiveCfg = Debug|Any CPU
		{8E6FDF07-39AF-4C3C-9161-74706877A4FB}.Debug|Any CPU.Build.0 = Debug|Any CPU
		{8E6FDF07-39AF-4C3C-9161-74706877A4FB}.Release|Any CPU.ActiveCfg = Release|Any CPU
		{8E6FDF07-39AF-4C3C-9161-74706877A4FB}.Release|Any CPU.Build.0 = Release|Any CPU
		{310DEF65-6A72-48AC-B46F-E1B8AC7F651F}.Debug|Any CPU.ActiveCfg = Debug|Any CPU
		{310DEF65-6A72-48AC-B46F-E1B8AC7F651F}.Debug|Any CPU.Build.0 = Debug|Any CPU
		{310DEF65-6A72-48AC-B46F-E1B8AC7F651F}.Release|Any CPU.ActiveCfg = Release|Any CPU
		{310DEF65-6A72-48AC-B46F-E1B8AC7F651F}.Release|Any CPU.Build.0 = Release|Any CPU
		{4328DFE5-76D1-4833-B1C8-AB6CF22A2521}.Debug|Any CPU.ActiveCfg = Debug|Any CPU
		{4328DFE5-76D1-4833-B1C8-AB6CF22A2521}.Debug|Any CPU.Build.0 = Debug|Any CPU
		{4328DFE5-76D1-4833-B1C8-AB6CF22A2521}.Release|Any CPU.ActiveCfg = Release|Any CPU
		{4328DFE5-76D1-4833-B1C8-AB6CF22A2521}.Release|Any CPU.Build.0 = Release|Any CPU
		{5AFFCFA9-A894-4AB2-83AF-7386FE5C7039}.Debug|Any CPU.ActiveCfg = Debug|Any CPU
		{5AFFCFA9-A894-4AB2-83AF-7386FE5C7039}.Debug|Any CPU.Build.0 = Debug|Any CPU
		{5AFFCFA9-A894-4AB2-83AF-7386FE5C7039}.Release|Any CPU.ActiveCfg = Release|Any CPU
		{5AFFCFA9-A894-4AB2-83AF-7386FE5C7039}.Release|Any CPU.Build.0 = Release|Any CPU
	EndGlobalSection
	GlobalSection(SolutionProperties) = preSolution
		HideSolutionNode = FALSE
	EndGlobalSection
	GlobalSection(NestedProjects) = preSolution
		{23D21101-7161-4289-8F75-74540E56ED06} = {7F33149E-0876-4161-98DF-F089B1ACA92B}
		{8E6FDF07-39AF-4C3C-9161-74706877A4FB} = {7F33149E-0876-4161-98DF-F089B1ACA92B}
		{310DEF65-6A72-48AC-B46F-E1B8AC7F651F} = {7F33149E-0876-4161-98DF-F089B1ACA92B}
		{4328DFE5-76D1-4833-B1C8-AB6CF22A2521} = {7F33149E-0876-4161-98DF-F089B1ACA92B}
		{5AFFCFA9-A894-4AB2-83AF-7386FE5C7039} = {7F33149E-0876-4161-98DF-F089B1ACA92B}
	EndGlobalSection
	GlobalSection(ExtensibilityGlobals) = postSolution
		SolutionGuid = {75CFCDAF-D376-4015-A7D2-51E158AD830D}
	EndGlobalSection
EndGlobal
